
Microsoft Visual Studio Solution File, Format Version 12.00
# Visual Studio 15
VisualStudioVersion = 15.0.27428.2037
MinimumVisualStudioVersion = 10.0.40219.1
Project("{FAE04EC0-301F-11D3-BF4B-00C04F79EFBC}") = "GuardianApi", "GuardianApi\GuardianApi.csproj", "{A25196A7-6318-4E98-9EF2-E496F618B3D8}"
EndProject
Project("{FAE04EC0-301F-11D3-BF4B-00C04F79EFBC}") = "GuardianApiTest", "GuardianApiTest\GuardianApiTest.csproj", "{D416A492-29D3-4785-9413-192C1A3FA910}"
EndProject
Global
	GlobalSection(SolutionConfigurationPlatforms) = preSolution
		Debug|Any CPU = Debug|Any CPU
		Release|Any CPU = Release|Any CPU
	EndGlobalSection
	GlobalSection(ProjectConfigurationPlatforms) = postSolution
		{A25196A7-6318-4E98-9EF2-E496F618B3D8}.Debug|Any CPU.ActiveCfg = Debug|Any CPU
		{A25196A7-6318-4E98-9EF2-E496F618B3D8}.Debug|Any CPU.Build.0 = Debug|Any CPU
		{A25196A7-6318-4E98-9EF2-E496F618B3D8}.Release|Any CPU.ActiveCfg = Release|Any CPU
		{A25196A7-6318-4E98-9EF2-E496F618B3D8}.Release|Any CPU.Build.0 = Release|Any CPU
		{D416A492-29D3-4785-9413-192C1A3FA910}.Debug|Any CPU.ActiveCfg = Debug|Any CPU
		{D416A492-29D3-4785-9413-192C1A3FA910}.Debug|Any CPU.Build.0 = Debug|Any CPU
		{D416A492-29D3-4785-9413-192C1A3FA910}.Release|Any CPU.ActiveCfg = Release|Any CPU
		{D416A492-29D3-4785-9413-192C1A3FA910}.Release|Any CPU.Build.0 = Release|Any CPU
	EndGlobalSection
	GlobalSection(SolutionProperties) = preSolution
		HideSolutionNode = FALSE
	EndGlobalSection
	GlobalSection(ExtensibilityGlobals) = postSolution
		SolutionGuid = {FB70FFC0-2218-438B-8056-03D49B2E992E}
	EndGlobalSection
EndGlobal
