
Microsoft Visual Studio Solution File, Format Version 12.00
# Visual Studio 15
VisualStudioVersion = 15.0.27428.2037
MinimumVisualStudioVersion = 10.0.40219.1
Project("{9A19103F-16F7-4668-BE54-9A1E7A4F7556}") = "GuardianApi", "GuardianApi\GuardianApi.csproj", "{A25196A7-6318-4E98-9EF2-E496F618B3D8}"
EndProject
Project("{9A19103F-16F7-4668-BE54-9A1E7A4F7556}") = "GuardianApiTest", "GuardianApiTest\GuardianApiTest.csproj", "{D416A492-29D3-4785-9413-192C1A3FA910}"
EndProject
Project("{2150E333-8FDC-42A3-9474-1A3956D46DE8}") = "Solution Items", "Solution Items", "{B0858668-5AF8-4EBB-A14F-BE0C25C1FFC1}"
	ProjectSection(SolutionItems) = preProject
		LICENSE.md = LICENSE.md
	EndProjectSection
EndProject
Global
	GlobalSection(SolutionConfigurationPlatforms) = preSolution
		Debug|Any CPU = Debug|Any CPU
		Release|Any CPU = Release|Any CPU
	EndGlobalSection
	GlobalSection(ProjectConfigurationPlatforms) = postSolution
		{A25196A7-6318-4E98-9EF2-E496F618B3D8}.Debug|Any CPU.ActiveCfg = Debug|Any CPU
		{A25196A7-6318-4E98-9EF2-E496F618B3D8}.Debug|Any CPU.Build.0 = Debug|Any CPU
		{A25196A7-6318-4E98-9EF2-E496F618B3D8}.Release|Any CPU.ActiveCfg = Release|Any CPU
		{A25196A7-6318-4E98-9EF2-E496F618B3D8}.Release|Any CPU.Build.0 = Release|Any CPU
		{D416A492-29D3-4785-9413-192C1A3FA910}.Debug|Any CPU.ActiveCfg = Debug|Any CPU
		{D416A492-29D3-4785-9413-192C1A3FA910}.Debug|Any CPU.Build.0 = Debug|Any CPU
		{D416A492-29D3-4785-9413-192C1A3FA910}.Release|Any CPU.ActiveCfg = Release|Any CPU
		{D416A492-29D3-4785-9413-192C1A3FA910}.Release|Any CPU.Build.0 = Release|Any CPU
	EndGlobalSection
	GlobalSection(SolutionProperties) = preSolution
		HideSolutionNode = FALSE
	EndGlobalSection
	GlobalSection(ExtensibilityGlobals) = postSolution
		SolutionGuid = {FB70FFC0-2218-438B-8056-03D49B2E992E}
	EndGlobalSection
EndGlobal
